
Microsoft Visual Studio Solution File, Format Version 12.00
# Visual Studio Version 16
VisualStudioVersion = 16.0.30002.166
MinimumVisualStudioVersion = 10.0.40219.1
Project("{FAE04EC0-301F-11D3-BF4B-00C04F79EFBC}") = "WebAppFSIS", "WebAppFSIS\WebAppFSIS.csproj", "{BC0848EE-41E2-4099-BACF-EC6A17851E16}"
EndProject
Project("{FAE04EC0-301F-11D3-BF4B-00C04F79EFBC}") = "FSISSystem", "FSISSystem\FSISSystem.csproj", "{772080B1-8B24-4548-97AE-7F243BCC5690}"
EndProject
Global
	GlobalSection(SolutionConfigurationPlatforms) = preSolution
		Debug|Any CPU = Debug|Any CPU
		Release|Any CPU = Release|Any CPU
	EndGlobalSection
	GlobalSection(ProjectConfigurationPlatforms) = postSolution
		{BC0848EE-41E2-4099-BACF-EC6A17851E16}.Debug|Any CPU.ActiveCfg = Debug|Any CPU
		{BC0848EE-41E2-4099-BACF-EC6A17851E16}.Debug|Any CPU.Build.0 = Debug|Any CPU
		{BC0848EE-41E2-4099-BACF-EC6A17851E16}.Release|Any CPU.ActiveCfg = Release|Any CPU
		{BC0848EE-41E2-4099-BACF-EC6A17851E16}.Release|Any CPU.Build.0 = Release|Any CPU
		{772080B1-8B24-4548-97AE-7F243BCC5690}.Debug|Any CPU.ActiveCfg = Debug|Any CPU
		{772080B1-8B24-4548-97AE-7F243BCC5690}.Debug|Any CPU.Build.0 = Debug|Any CPU
		{772080B1-8B24-4548-97AE-7F243BCC5690}.Release|Any CPU.ActiveCfg = Release|Any CPU
		{772080B1-8B24-4548-97AE-7F243BCC5690}.Release|Any CPU.Build.0 = Release|Any CPU
	EndGlobalSection
	GlobalSection(SolutionProperties) = preSolution
		HideSolutionNode = FALSE
	EndGlobalSection
	GlobalSection(ExtensibilityGlobals) = postSolution
		SolutionGuid = {D9B12FC0-02B3-4CF5-9B01-0B1422C9BB72}
	EndGlobalSection
EndGlobal
